// !$*UTF8*$!
{
	archiveVersion = 1;
	classes = {
	};
	objectVersion = 46;
	objects = {

/* Begin PBXBuildFile section */
		9C555B451EC0442300399F54 /* PoisonHeart.cpp in Sources */ = {isa = PBXBuildFile; fileRef = 9C555B421EBFDE4D00399F54 /* PoisonHeart.cpp */; };
		9C8A95CF1EB8106400E2927B /* Enemy.cpp in Sources */ = {isa = PBXBuildFile; fileRef = 9C8A95A51EB8106400E2927B /* Enemy.cpp */; };
		9C8A95D01EB8106400E2927B /* Entity.cpp in Sources */ = {isa = PBXBuildFile; fileRef = 9C8A95A71EB8106400E2927B /* Entity.cpp */; };
		9C8A95D11EB8106400E2927B /* Game.cpp in Sources */ = {isa = PBXBuildFile; fileRef = 9C8A95A91EB8106400E2927B /* Game.cpp */; };
		9C8A95D21EB8106400E2927B /* Gem.cpp in Sources */ = {isa = PBXBuildFile; fileRef = 9C8A95AB1EB8106400E2927B /* Gem.cpp */; };
		9C8A95D31EB8106400E2927B /* Gold.cpp in Sources */ = {isa = PBXBuildFile; fileRef = 9C8A95AD1EB8106400E2927B /* Gold.cpp */; };
		9C8A95D41EB8106400E2927B /* Heart.cpp in Sources */ = {isa = PBXBuildFile; fileRef = 9C8A95AF1EB8106400E2927B /* Heart.cpp */; };
		9C8A95D51EB8106400E2927B /* Humanoid.cpp in Sources */ = {isa = PBXBuildFile; fileRef = 9C8A95B11EB8106400E2927B /* Humanoid.cpp */; };
		9C8A95D61EB8106400E2927B /* Input.cpp in Sources */ = {isa = PBXBuildFile; fileRef = 9C8A95B31EB8106400E2927B /* Input.cpp */; };
		9C8A95D71EB8106400E2927B /* Item.cpp in Sources */ = {isa = PBXBuildFile; fileRef = 9C8A95B51EB8106400E2927B /* Item.cpp */; };
		9C8A95D81EB8106400E2927B /* Key.cpp in Sources */ = {isa = PBXBuildFile; fileRef = 9C8A95B71EB8106400E2927B /* Key.cpp */; };
		9C8A95D91EB8106400E2927B /* Level.cpp in Sources */ = {isa = PBXBuildFile; fileRef = 9C8A95B91EB8106400E2927B /* Level.cpp */; };
		9C8A95DA1EB8106400E2927B /* main.cpp in Sources */ = {isa = PBXBuildFile; fileRef = 9C8A95BB1EB8106400E2927B /* main.cpp */; };
		9C8A95DB1EB8106400E2927B /* Object.cpp in Sources */ = {isa = PBXBuildFile; fileRef = 9C8A95BC1EB8106400E2927B /* Object.cpp */; };
		9C8A95DC1EB8106400E2927B /* PCH.cpp in Sources */ = {isa = PBXBuildFile; fileRef = 9C8A95BE1EB8106400E2927B /* PCH.cpp */; };
		9C8A95DD1EB8106400E2927B /* Player.cpp in Sources */ = {isa = PBXBuildFile; fileRef = 9C8A95C01EB8106400E2927B /* Player.cpp */; };
		9C8A95DE1EB8106400E2927B /* Potion.cpp in Sources */ = {isa = PBXBuildFile; fileRef = 9C8A95C21EB8106400E2927B /* Potion.cpp */; };
		9C8A95DF1EB8106400E2927B /* Projectile.cpp in Sources */ = {isa = PBXBuildFile; fileRef = 9C8A95C41EB8106400E2927B /* Projectile.cpp */; };
		9C8A95E01EB8106400E2927B /* Slime.cpp in Sources */ = {isa = PBXBuildFile; fileRef = 9C8A95C61EB8106400E2927B /* Slime.cpp */; };
		9C8A95E11EB8106400E2927B /* SoundBufferManager.cpp in Sources */ = {isa = PBXBuildFile; fileRef = 9C8A95C81EB8106400E2927B /* SoundBufferManager.cpp */; };
		9C8A95E21EB8106400E2927B /* TextureManager.cpp in Sources */ = {isa = PBXBuildFile; fileRef = 9C8A95CA1EB8106400E2927B /* TextureManager.cpp */; };
		9C8A95E31EB8106400E2927B /* Torch.cpp in Sources */ = {isa = PBXBuildFile; fileRef = 9C8A95CC1EB8106400E2927B /* Torch.cpp */; };
		9C8A95E51EB8164C00E2927B /* resources in Resources */ = {isa = PBXBuildFile; fileRef = 9C8A95E41EB8164C00E2927B /* resources */; };
		9C8A95E71EB8281800E2927B /* ResourcePath.mm in Sources */ = {isa = PBXBuildFile; fileRef = 9C8A95E61EB8281800E2927B /* ResourcePath.mm */; };
/* End PBXBuildFile section */

/* Begin PBXFileReference section */
		9C06DF721EB7F680004A7F3D /* my-rogue.app */ = {isa = PBXFileReference; explicitFileType = wrapper.application; includeInIndex = 0; path = "my-rogue.app"; sourceTree = BUILT_PRODUCTS_DIR; };
		9C06DF761EB7F680004A7F3D /* my-rogue-Info.plist */ = {isa = PBXFileReference; lastKnownFileType = text.plist.xml; path = "my-rogue-Info.plist"; sourceTree = "<group>"; };
		9C555B421EBFDE4D00399F54 /* PoisonHeart.cpp */ = {isa = PBXFileReference; fileEncoding = 4; lastKnownFileType = sourcecode.cpp.cpp; path = PoisonHeart.cpp; sourceTree = "<group>"; };
		9C555B431EBFDE4D00399F54 /* PoisonHeart.hpp */ = {isa = PBXFileReference; fileEncoding = 4; lastKnownFileType = sourcecode.cpp.h; path = PoisonHeart.hpp; sourceTree = "<group>"; };
		9C8A95A51EB8106400E2927B /* Enemy.cpp */ = {isa = PBXFileReference; fileEncoding = 4; lastKnownFileType = sourcecode.cpp.cpp; path = Enemy.cpp; sourceTree = "<group>"; };
		9C8A95A61EB8106400E2927B /* Enemy.hpp */ = {isa = PBXFileReference; fileEncoding = 4; lastKnownFileType = sourcecode.cpp.h; path = Enemy.hpp; sourceTree = "<group>"; };
		9C8A95A71EB8106400E2927B /* Entity.cpp */ = {isa = PBXFileReference; fileEncoding = 4; lastKnownFileType = sourcecode.cpp.cpp; path = Entity.cpp; sourceTree = "<group>"; };
		9C8A95A81EB8106400E2927B /* Entity.hpp */ = {isa = PBXFileReference; fileEncoding = 4; lastKnownFileType = sourcecode.cpp.h; path = Entity.hpp; sourceTree = "<group>"; };
		9C8A95A91EB8106400E2927B /* Game.cpp */ = {isa = PBXFileReference; fileEncoding = 4; lastKnownFileType = sourcecode.cpp.cpp; lineEnding = 2; path = Game.cpp; sourceTree = "<group>"; xcLanguageSpecificationIdentifier = xcode.lang.cpp; };
		9C8A95AA1EB8106400E2927B /* Game.hpp */ = {isa = PBXFileReference; fileEncoding = 4; lastKnownFileType = sourcecode.cpp.h; path = Game.hpp; sourceTree = "<group>"; };
		9C8A95AB1EB8106400E2927B /* Gem.cpp */ = {isa = PBXFileReference; fileEncoding = 4; lastKnownFileType = sourcecode.cpp.cpp; path = Gem.cpp; sourceTree = "<group>"; };
		9C8A95AC1EB8106400E2927B /* Gem.hpp */ = {isa = PBXFileReference; fileEncoding = 4; lastKnownFileType = sourcecode.cpp.h; path = Gem.hpp; sourceTree = "<group>"; };
		9C8A95AD1EB8106400E2927B /* Gold.cpp */ = {isa = PBXFileReference; fileEncoding = 4; lastKnownFileType = sourcecode.cpp.cpp; path = Gold.cpp; sourceTree = "<group>"; };
		9C8A95AE1EB8106400E2927B /* Gold.hpp */ = {isa = PBXFileReference; fileEncoding = 4; lastKnownFileType = sourcecode.cpp.h; path = Gold.hpp; sourceTree = "<group>"; };
		9C8A95AF1EB8106400E2927B /* Heart.cpp */ = {isa = PBXFileReference; fileEncoding = 4; lastKnownFileType = sourcecode.cpp.cpp; path = Heart.cpp; sourceTree = "<group>"; };
		9C8A95B01EB8106400E2927B /* Heart.hpp */ = {isa = PBXFileReference; fileEncoding = 4; lastKnownFileType = sourcecode.cpp.h; path = Heart.hpp; sourceTree = "<group>"; };
		9C8A95B11EB8106400E2927B /* Humanoid.cpp */ = {isa = PBXFileReference; fileEncoding = 4; lastKnownFileType = sourcecode.cpp.cpp; path = Humanoid.cpp; sourceTree = "<group>"; };
		9C8A95B21EB8106400E2927B /* Humanoid.hpp */ = {isa = PBXFileReference; fileEncoding = 4; lastKnownFileType = sourcecode.cpp.h; path = Humanoid.hpp; sourceTree = "<group>"; };
		9C8A95B31EB8106400E2927B /* Input.cpp */ = {isa = PBXFileReference; fileEncoding = 4; lastKnownFileType = sourcecode.cpp.cpp; path = Input.cpp; sourceTree = "<group>"; };
		9C8A95B41EB8106400E2927B /* Input.hpp */ = {isa = PBXFileReference; fileEncoding = 4; lastKnownFileType = sourcecode.cpp.h; path = Input.hpp; sourceTree = "<group>"; };
		9C8A95B51EB8106400E2927B /* Item.cpp */ = {isa = PBXFileReference; fileEncoding = 4; lastKnownFileType = sourcecode.cpp.cpp; path = Item.cpp; sourceTree = "<group>"; };
		9C8A95B61EB8106400E2927B /* Item.hpp */ = {isa = PBXFileReference; fileEncoding = 4; lastKnownFileType = sourcecode.cpp.h; path = Item.hpp; sourceTree = "<group>"; };
		9C8A95B71EB8106400E2927B /* Key.cpp */ = {isa = PBXFileReference; fileEncoding = 4; lastKnownFileType = sourcecode.cpp.cpp; path = Key.cpp; sourceTree = "<group>"; };
		9C8A95B81EB8106400E2927B /* Key.hpp */ = {isa = PBXFileReference; fileEncoding = 4; lastKnownFileType = sourcecode.cpp.h; path = Key.hpp; sourceTree = "<group>"; };
		9C8A95B91EB8106400E2927B /* Level.cpp */ = {isa = PBXFileReference; fileEncoding = 4; lastKnownFileType = sourcecode.cpp.cpp; path = Level.cpp; sourceTree = "<group>"; };
		9C8A95BA1EB8106400E2927B /* Level.hpp */ = {isa = PBXFileReference; fileEncoding = 4; lastKnownFileType = sourcecode.cpp.h; path = Level.hpp; sourceTree = "<group>"; };
		9C8A95BB1EB8106400E2927B /* main.cpp */ = {isa = PBXFileReference; fileEncoding = 4; lastKnownFileType = sourcecode.cpp.cpp; path = main.cpp; sourceTree = "<group>"; };
		9C8A95BC1EB8106400E2927B /* Object.cpp */ = {isa = PBXFileReference; fileEncoding = 4; lastKnownFileType = sourcecode.cpp.cpp; path = Object.cpp; sourceTree = "<group>"; };
		9C8A95BD1EB8106400E2927B /* Object.hpp */ = {isa = PBXFileReference; fileEncoding = 4; lastKnownFileType = sourcecode.cpp.h; path = Object.hpp; sourceTree = "<group>"; };
		9C8A95BE1EB8106400E2927B /* PCH.cpp */ = {isa = PBXFileReference; fileEncoding = 4; lastKnownFileType = sourcecode.cpp.cpp; path = PCH.cpp; sourceTree = "<group>"; };
		9C8A95BF1EB8106400E2927B /* PCH.hpp */ = {isa = PBXFileReference; fileEncoding = 4; lastKnownFileType = sourcecode.cpp.h; path = PCH.hpp; sourceTree = "<group>"; };
		9C8A95C01EB8106400E2927B /* Player.cpp */ = {isa = PBXFileReference; fileEncoding = 4; lastKnownFileType = sourcecode.cpp.cpp; path = Player.cpp; sourceTree = "<group>"; };
		9C8A95C11EB8106400E2927B /* Player.hpp */ = {isa = PBXFileReference; fileEncoding = 4; lastKnownFileType = sourcecode.cpp.h; path = Player.hpp; sourceTree = "<group>"; };
		9C8A95C21EB8106400E2927B /* Potion.cpp */ = {isa = PBXFileReference; fileEncoding = 4; lastKnownFileType = sourcecode.cpp.cpp; path = Potion.cpp; sourceTree = "<group>"; };
		9C8A95C31EB8106400E2927B /* Potion.hpp */ = {isa = PBXFileReference; fileEncoding = 4; lastKnownFileType = sourcecode.cpp.h; path = Potion.hpp; sourceTree = "<group>"; };
		9C8A95C41EB8106400E2927B /* Projectile.cpp */ = {isa = PBXFileReference; fileEncoding = 4; lastKnownFileType = sourcecode.cpp.cpp; path = Projectile.cpp; sourceTree = "<group>"; };
		9C8A95C51EB8106400E2927B /* Projectile.hpp */ = {isa = PBXFileReference; fileEncoding = 4; lastKnownFileType = sourcecode.cpp.h; path = Projectile.hpp; sourceTree = "<group>"; };
		9C8A95C61EB8106400E2927B /* Slime.cpp */ = {isa = PBXFileReference; fileEncoding = 4; lastKnownFileType = sourcecode.cpp.cpp; path = Slime.cpp; sourceTree = "<group>"; };
		9C8A95C71EB8106400E2927B /* Slime.hpp */ = {isa = PBXFileReference; fileEncoding = 4; lastKnownFileType = sourcecode.cpp.h; path = Slime.hpp; sourceTree = "<group>"; };
		9C8A95C81EB8106400E2927B /* SoundBufferManager.cpp */ = {isa = PBXFileReference; fileEncoding = 4; lastKnownFileType = sourcecode.cpp.cpp; path = SoundBufferManager.cpp; sourceTree = "<group>"; };
		9C8A95C91EB8106400E2927B /* SoundBufferManager.hpp */ = {isa = PBXFileReference; fileEncoding = 4; lastKnownFileType = sourcecode.cpp.h; path = SoundBufferManager.hpp; sourceTree = "<group>"; };
		9C8A95CA1EB8106400E2927B /* TextureManager.cpp */ = {isa = PBXFileReference; fileEncoding = 4; lastKnownFileType = sourcecode.cpp.cpp; path = TextureManager.cpp; sourceTree = "<group>"; };
		9C8A95CB1EB8106400E2927B /* TextureManager.hpp */ = {isa = PBXFileReference; fileEncoding = 4; lastKnownFileType = sourcecode.cpp.h; path = TextureManager.hpp; sourceTree = "<group>"; };
		9C8A95CC1EB8106400E2927B /* Torch.cpp */ = {isa = PBXFileReference; fileEncoding = 4; lastKnownFileType = sourcecode.cpp.cpp; path = Torch.cpp; sourceTree = "<group>"; };
		9C8A95CD1EB8106400E2927B /* Torch.hpp */ = {isa = PBXFileReference; fileEncoding = 4; lastKnownFileType = sourcecode.cpp.h; path = Torch.hpp; sourceTree = "<group>"; };
		9C8A95CE1EB8106400E2927B /* Util.hpp */ = {isa = PBXFileReference; fileEncoding = 4; lastKnownFileType = sourcecode.cpp.h; path = Util.hpp; sourceTree = "<group>"; };
		9C8A95E41EB8164C00E2927B /* resources */ = {isa = PBXFileReference; lastKnownFileType = folder; path = resources; sourceTree = "<group>"; };
		9C8A95E61EB8281800E2927B /* ResourcePath.mm */ = {isa = PBXFileReference; fileEncoding = 4; lastKnownFileType = sourcecode.cpp.objcpp; path = ResourcePath.mm; sourceTree = "<group>"; };
		9C8A95E81EB8283800E2927B /* ResourcePath.hpp */ = {isa = PBXFileReference; fileEncoding = 4; lastKnownFileType = sourcecode.cpp.h; path = ResourcePath.hpp; sourceTree = "<group>"; };
/* End PBXFileReference section */

/* Begin PBXFrameworksBuildPhase section */
		9C06DF6E1EB7F680004A7F3D /* Frameworks */ = {
			isa = PBXFrameworksBuildPhase;
			buildActionMask = 2147483647;
			files = (
			);
			runOnlyForDeploymentPostprocessing = 0;
		};
/* End PBXFrameworksBuildPhase section */

/* Begin PBXGroup section */
		9C06DF681EB7F680004A7F3D = {
			isa = PBXGroup;
			children = (
				9C8A95E41EB8164C00E2927B /* resources */,
				9C06DF741EB7F680004A7F3D /* my-rogue */,
				9C06DF731EB7F680004A7F3D /* Products */,
			);
			sourceTree = "<group>";
		};
		9C06DF731EB7F680004A7F3D /* Products */ = {
			isa = PBXGroup;
			children = (
				9C06DF721EB7F680004A7F3D /* my-rogue.app */,
			);
			name = Products;
			sourceTree = "<group>";
		};
		9C06DF741EB7F680004A7F3D /* my-rogue */ = {
			isa = PBXGroup;
			children = (
				9C8A95A51EB8106400E2927B /* Enemy.cpp */,
				9C8A95A61EB8106400E2927B /* Enemy.hpp */,
				9C8A95A71EB8106400E2927B /* Entity.cpp */,
				9C8A95A81EB8106400E2927B /* Entity.hpp */,
				9C8A95A91EB8106400E2927B /* Game.cpp */,
				9C8A95AA1EB8106400E2927B /* Game.hpp */,
				9C8A95AB1EB8106400E2927B /* Gem.cpp */,
				9C8A95AC1EB8106400E2927B /* Gem.hpp */,
				9C8A95AD1EB8106400E2927B /* Gold.cpp */,
				9C8A95AE1EB8106400E2927B /* Gold.hpp */,
				9C8A95AF1EB8106400E2927B /* Heart.cpp */,
				9C8A95B01EB8106400E2927B /* Heart.hpp */,
				9C8A95B11EB8106400E2927B /* Humanoid.cpp */,
				9C8A95B21EB8106400E2927B /* Humanoid.hpp */,
				9C8A95B31EB8106400E2927B /* Input.cpp */,
				9C8A95B41EB8106400E2927B /* Input.hpp */,
				9C8A95B51EB8106400E2927B /* Item.cpp */,
				9C8A95B61EB8106400E2927B /* Item.hpp */,
				9C8A95B71EB8106400E2927B /* Key.cpp */,
				9C8A95B81EB8106400E2927B /* Key.hpp */,
				9C8A95B91EB8106400E2927B /* Level.cpp */,
				9C8A95BA1EB8106400E2927B /* Level.hpp */,
				9C8A95BB1EB8106400E2927B /* main.cpp */,
				9C8A95BC1EB8106400E2927B /* Object.cpp */,
				9C8A95BD1EB8106400E2927B /* Object.hpp */,
				9C8A95BE1EB8106400E2927B /* PCH.cpp */,
				9C8A95BF1EB8106400E2927B /* PCH.hpp */,
				9C8A95C01EB8106400E2927B /* Player.cpp */,
				9C8A95C11EB8106400E2927B /* Player.hpp */,
				9C555B421EBFDE4D00399F54 /* PoisonHeart.cpp */,
				9C555B431EBFDE4D00399F54 /* PoisonHeart.hpp */,
				9C8A95C21EB8106400E2927B /* Potion.cpp */,
				9C8A95C31EB8106400E2927B /* Potion.hpp */,
				9C8A95C41EB8106400E2927B /* Projectile.cpp */,
				9C8A95C51EB8106400E2927B /* Projectile.hpp */,
				9C8A95C61EB8106400E2927B /* Slime.cpp */,
				9C8A95C71EB8106400E2927B /* Slime.hpp */,
				9C8A95C81EB8106400E2927B /* SoundBufferManager.cpp */,
				9C8A95C91EB8106400E2927B /* SoundBufferManager.hpp */,
				9C8A95CA1EB8106400E2927B /* TextureManager.cpp */,
				9C8A95CB1EB8106400E2927B /* TextureManager.hpp */,
				9C8A95E61EB8281800E2927B /* ResourcePath.mm */,
				9C8A95E81EB8283800E2927B /* ResourcePath.hpp */,
				9C8A95CC1EB8106400E2927B /* Torch.cpp */,
				9C8A95CD1EB8106400E2927B /* Torch.hpp */,
				9C8A95CE1EB8106400E2927B /* Util.hpp */,
				9C06DF751EB7F680004A7F3D /* Supporting Files */,
			);
			path = "my-rogue";
			sourceTree = "<group>";
		};
		9C06DF751EB7F680004A7F3D /* Supporting Files */ = {
			isa = PBXGroup;
			children = (
				9C06DF761EB7F680004A7F3D /* my-rogue-Info.plist */,
			);
			name = "Supporting Files";
			sourceTree = "<group>";
		};
/* End PBXGroup section */

/* Begin PBXNativeTarget section */
		9C06DF711EB7F680004A7F3D /* my-rogue */ = {
			isa = PBXNativeTarget;
			buildConfigurationList = 9C06DF871EB7F680004A7F3D /* Build configuration list for PBXNativeTarget "my-rogue" */;
			buildPhases = (
				9C06DF6D1EB7F680004A7F3D /* Sources */,
				9C06DF6E1EB7F680004A7F3D /* Frameworks */,
				9C06DF6F1EB7F680004A7F3D /* Resources */,
				9C06DF701EB7F680004A7F3D /* ShellScript */,
			);
			buildRules = (
			);
			dependencies = (
			);
			name = "my-rogue";
			productName = "my-rogue";
			productReference = 9C06DF721EB7F680004A7F3D /* my-rogue.app */;
			productType = "com.apple.product-type.application";
		};
/* End PBXNativeTarget section */

/* Begin PBXProject section */
		9C06DF691EB7F680004A7F3D /* Project object */ = {
			isa = PBXProject;
			attributes = {
				LastUpgradeCheck = 0830;
				ORGANIZATIONNAME = "Henrik Axelsson";
				TargetAttributes = {
					9C06DF711EB7F680004A7F3D = {
						CreatedOnToolsVersion = 8.3.2;
						ProvisioningStyle = Automatic;
					};
				};
			};
			buildConfigurationList = 9C06DF6C1EB7F680004A7F3D /* Build configuration list for PBXProject "my-rogue" */;
			compatibilityVersion = "Xcode 3.2";
			developmentRegion = English;
			hasScannedForEncodings = 0;
			knownRegions = (
				en,
			);
			mainGroup = 9C06DF681EB7F680004A7F3D;
			productRefGroup = 9C06DF731EB7F680004A7F3D /* Products */;
			projectDirPath = "";
			projectRoot = "";
			targets = (
				9C06DF711EB7F680004A7F3D /* my-rogue */,
			);
		};
/* End PBXProject section */

/* Begin PBXResourcesBuildPhase section */
		9C06DF6F1EB7F680004A7F3D /* Resources */ = {
			isa = PBXResourcesBuildPhase;
			buildActionMask = 2147483647;
			files = (
				9C8A95E51EB8164C00E2927B /* resources in Resources */,
			);
			runOnlyForDeploymentPostprocessing = 0;
		};
/* End PBXResourcesBuildPhase section */

/* Begin PBXShellScriptBuildPhase section */
		9C06DF701EB7F680004A7F3D /* ShellScript */ = {
			isa = PBXShellScriptBuildPhase;
			buildActionMask = 2147483647;
			files = (
			);
			inputPaths = (
			);
			outputPaths = (
			);
			runOnlyForDeploymentPostprocessing = 0;
			shellPath = /bin/sh;
			shellScript = "# This shell script simply copies required SFML dylibs/frameworks into the application bundle frameworks folder.\n# If you're using static libraries (which is not recommended) you should remove this script from your project.\n\n# SETTINGS\nCMAKE_INSTALL_FRAMEWORK_PREFIX=\"/Library/Frameworks\"\nCMAKE_INSTALL_LIB_PREFIX=\"/usr/local/lib\"\nFRAMEWORKS_FULL_PATH=\"$BUILT_PRODUCTS_DIR/$FRAMEWORKS_FOLDER_PATH/\"\n\n# Are we building a project that uses frameworks or dylibs?\ncase \"$SFML_BINARY_TYPE\" in\n    DYLIBS)\n        frameworks=\"false\"\n        ;;\n    *)\n        frameworks=\"true\"\n        ;;\nesac\n\n# Echoes to stderr\nerror () # $* message to display\n{\n    echo $* 1>&2\n    exit 2\n}\n\nassert () # $1 is a boolean, $2...N is an error message\n{\n    if [ $# -lt 2 ]\n    then\n        error \"Internal error in assert: not enough args\"\n    fi\n\n    if [ $1 -ne 0 ]\n    then\n        shift\n        error \"$*\"\n    fi\n}\n\nforce_remove () # $@ is some paths\n{\n    test $# -ge 1\n    assert $? \"force_remove() requires at least one parameter\"\n    rm -fr $@\n    assert $? \"couldn't remove $@\"\n}\n\ncopy () # $1 is a source, $2 is a destination\n{\n    test $# -eq 2\n    assert $? \"copy() requires two parameters\"\n    ditto \"$1\" \"$2\"\n    assert $? \"couldn't copy $1 to $2\"\n}\n\nrequire () # $1 is a SFML module like 'system' or 'audio'\n{\n    dest=\"$BUILT_PRODUCTS_DIR/$FRAMEWORKS_FOLDER_PATH/\"\n\n    if [ -z \"$1\" ]\n    then\n        error \"require() requires one parameter!\"\n    else\n        # clean potentially old stuff\n        force_remove \"$dest/libsfml-$1\"*\n        force_remove \"$dest/sfml-$1.framework\"\n\n        # copy SFML libraries\n        if [ \"$frameworks\" = \"true\" ]\n        then\n            source=\"$CMAKE_INSTALL_FRAMEWORK_PREFIX/sfml-$1.framework\"\n            target=\"sfml-$1.framework\"\n        elif [ \"$SFML_LINK_DYLIBS_SUFFIX\" = \"-d\" ]\n        then\n            source=\"$CMAKE_INSTALL_LIB_PREFIX/libsfml-$1-d.dylib\"\n            target=\"`readlink $source`\"\n        else\n            source=\"$CMAKE_INSTALL_LIB_PREFIX/libsfml-$1.dylib\"\n            target=\"`readlink $source`\"\n        fi\n\n        copy \"$source\" \"$dest/$target\"\n\n        # copy extra dependencies\n        if [ \"$1\" = \"audio\" ]\n        then\n            # copy \"FLAC\" \"ogg\" \"vorbis\" \"vorbisenc\" \"vorbisfile\" \"OpenAL\" frameworks too\n            for f in \"FLAC\" \"ogg\" \"vorbis\" \"vorbisenc\" \"vorbisfile\" \"OpenAL\"\n            do\n                copy \"$CMAKE_INSTALL_FRAMEWORK_PREFIX/$f.framework\" \"$dest/$f.framework\"\n            done\n        elif [ \"$1\" = \"graphics\" ]\n        then\n            copy \"$CMAKE_INSTALL_FRAMEWORK_PREFIX/freetype.framework\" \"$dest/freetype.framework\"\n        fi\n    fi\n}\n\nif [ -n \"$SFML_SYSTEM\" ]\nthen\n    require \"system\"\nfi\n\nif [ -n \"$SFML_AUDIO\" ]\nthen\n    require \"audio\"\nfi\n\nif [ -n \"$SFML_NETWORK\" ]\nthen\n    require \"network\"\nfi\n\nif [ -n \"$SFML_WINDOW\" ]\nthen\n    require \"window\"\nfi\n\nif [ -n \"$SFML_GRAPHICS\" ]\nthen\n    require \"graphics\"\nfi\n\n                ";
		};
/* End PBXShellScriptBuildPhase section */

/* Begin PBXSourcesBuildPhase section */
		9C06DF6D1EB7F680004A7F3D /* Sources */ = {
			isa = PBXSourcesBuildPhase;
			buildActionMask = 2147483647;
			files = (
				9C8A95D71EB8106400E2927B /* Item.cpp in Sources */,
				9C8A95DC1EB8106400E2927B /* PCH.cpp in Sources */,
				9C8A95D41EB8106400E2927B /* Heart.cpp in Sources */,
				9C8A95DA1EB8106400E2927B /* main.cpp in Sources */,
				9C8A95DE1EB8106400E2927B /* Potion.cpp in Sources */,
				9C8A95D11EB8106400E2927B /* Game.cpp in Sources */,
				9C8A95DB1EB8106400E2927B /* Object.cpp in Sources */,
				9C8A95D61EB8106400E2927B /* Input.cpp in Sources */,
				9C8A95E11EB8106400E2927B /* SoundBufferManager.cpp in Sources */,
				9C8A95E01EB8106400E2927B /* Slime.cpp in Sources */,
				9C8A95E71EB8281800E2927B /* ResourcePath.mm in Sources */,
				9C8A95D21EB8106400E2927B /* Gem.cpp in Sources */,
				9C8A95D01EB8106400E2927B /* Entity.cpp in Sources */,
				9C8A95E31EB8106400E2927B /* Torch.cpp in Sources */,
				9C8A95D91EB8106400E2927B /* Level.cpp in Sources */,
				9C8A95D51EB8106400E2927B /* Humanoid.cpp in Sources */,
				9C8A95DF1EB8106400E2927B /* Projectile.cpp in Sources */,
				9C8A95D81EB8106400E2927B /* Key.cpp in Sources */,
				9C8A95CF1EB8106400E2927B /* Enemy.cpp in Sources */,
				9C8A95D31EB8106400E2927B /* Gold.cpp in Sources */,
				9C555B451EC0442300399F54 /* PoisonHeart.cpp in Sources */,
				9C8A95DD1EB8106400E2927B /* Player.cpp in Sources */,
				9C8A95E21EB8106400E2927B /* TextureManager.cpp in Sources */,
			);
			runOnlyForDeploymentPostprocessing = 0;
		};
/* End PBXSourcesBuildPhase section */

/* Begin XCBuildConfiguration section */
		9C06DF851EB7F680004A7F3D /* Debug */ = {
			isa = XCBuildConfiguration;
			buildSettings = {
				ARCHS = "$(NATIVE_ARCH_ACTUAL)";
				CLANG_CXX_LANGUAGE_STANDARD = "c++0x";
				CLANG_CXX_LIBRARY = "libc++";
				FRAMEWORK_SEARCH_PATHS = (
					/Library/Frameworks/,
					"$(inherited)",
				);
				GCC_VERSION = com.apple.compilers.llvm.clang.1_0;
				HEADER_SEARCH_PATHS = (
					/usr/local/include/,
					"$(inherited)",
				);
				LIBRARY_SEARCH_PATHS = (
					/usr/local/lib/,
					"$(inherited)",
				);
				MACOSX_DEPLOYMENT_TARGET = 10.7;
				OTHER_LDFLAGS = (
					"$(inherited)",
					"$(SFML_SYSTEM)",
					"$(SFML_WINDOW)",
					"$(SFML_GRAPHICS)",
					"$(SFML_AUDIO)",
					"$(SFML_NETWORK)",
				);
				SFML_AUDIO = "$(SFML_LINK_PREFIX) sfml-audio$(SFML_LINK_SUFFIX)";
				SFML_BINARY_TYPE = FRAMEWORKS;
				SFML_GRAPHICS = "$(SFML_LINK_PREFIX) sfml-graphics$(SFML_LINK_SUFFIX)";
				SFML_LINK_DYLIBS_PREFIX = "-l";
				SFML_LINK_DYLIBS_SUFFIX = "";
				SFML_LINK_FRAMEWORKS_PREFIX = "-framework";
				SFML_LINK_FRAMEWORKS_SUFFIX = "";
				SFML_LINK_PREFIX = "$(SFML_LINK_$(SFML_BINARY_TYPE)_PREFIX)";
				SFML_LINK_SUFFIX = "$(SFML_LINK_$(SFML_BINARY_TYPE)_SUFFIX)";
				SFML_NETWORK = "$(SFML_LINK_PREFIX) sfml-network$(SFML_LINK_SUFFIX)";
				SFML_SYSTEM = "$(SFML_LINK_PREFIX) sfml-system$(SFML_LINK_SUFFIX)";
				SFML_WINDOW = "$(SFML_LINK_PREFIX) sfml-window$(SFML_LINK_SUFFIX)";
				SUPPORTED_PLATFORMS = macosx;
			};
			name = Debug;
		};
		9C06DF861EB7F680004A7F3D /* Release */ = {
			isa = XCBuildConfiguration;
			buildSettings = {
				ARCHS = "$(NATIVE_ARCH_ACTUAL)";
				CLANG_CXX_LANGUAGE_STANDARD = "c++0x";
				CLANG_CXX_LIBRARY = "libc++";
				FRAMEWORK_SEARCH_PATHS = (
					/Library/Frameworks/,
					"$(inherited)",
				);
				GCC_VERSION = com.apple.compilers.llvm.clang.1_0;
				HEADER_SEARCH_PATHS = (
					/usr/local/include/,
					"$(inherited)",
				);
				LIBRARY_SEARCH_PATHS = (
					/usr/local/lib/,
					"$(inherited)",
				);
				MACOSX_DEPLOYMENT_TARGET = 10.7;
				OTHER_LDFLAGS = (
					"$(inherited)",
					"$(SFML_SYSTEM)",
					"$(SFML_WINDOW)",
					"$(SFML_GRAPHICS)",
					"$(SFML_AUDIO)",
					"$(SFML_NETWORK)",
				);
				SFML_AUDIO = "$(SFML_LINK_PREFIX) sfml-audio$(SFML_LINK_SUFFIX)";
				SFML_BINARY_TYPE = FRAMEWORKS;
				SFML_GRAPHICS = "$(SFML_LINK_PREFIX) sfml-graphics$(SFML_LINK_SUFFIX)";
				SFML_LINK_DYLIBS_PREFIX = "-l";
				SFML_LINK_DYLIBS_SUFFIX = "";
				SFML_LINK_FRAMEWORKS_PREFIX = "-framework";
				SFML_LINK_FRAMEWORKS_SUFFIX = "";
				SFML_LINK_PREFIX = "$(SFML_LINK_$(SFML_BINARY_TYPE)_PREFIX)";
				SFML_LINK_SUFFIX = "$(SFML_LINK_$(SFML_BINARY_TYPE)_SUFFIX)";
				SFML_NETWORK = "$(SFML_LINK_PREFIX) sfml-network$(SFML_LINK_SUFFIX)";
				SFML_SYSTEM = "$(SFML_LINK_PREFIX) sfml-system$(SFML_LINK_SUFFIX)";
				SFML_WINDOW = "$(SFML_LINK_PREFIX) sfml-window$(SFML_LINK_SUFFIX)";
				SUPPORTED_PLATFORMS = macosx;
			};
			name = Release;
		};
		9C06DF881EB7F680004A7F3D /* Debug */ = {
			isa = XCBuildConfiguration;
			buildSettings = {
				CLANG_CXX_LANGUAGE_STANDARD = "gnu++14";
				INFOPLIST_FILE = "my-rogue/my-rogue-Info.plist";
				LD_RUNPATH_SEARCH_PATHS = "@loader_path/../Frameworks";
				PRODUCT_NAME = "$(TARGET_NAME)";
				SCAN_ALL_SOURCE_FILES_FOR_INCLUDES = NO;
			};
			name = Debug;
		};
		9C06DF891EB7F680004A7F3D /* Release */ = {
			isa = XCBuildConfiguration;
			buildSettings = {
				CLANG_CXX_LANGUAGE_STANDARD = "gnu++14";
				INFOPLIST_FILE = "my-rogue/my-rogue-Info.plist";
				LD_RUNPATH_SEARCH_PATHS = "@loader_path/../Frameworks";
				PRODUCT_NAME = "$(TARGET_NAME)";
				SCAN_ALL_SOURCE_FILES_FOR_INCLUDES = NO;
			};
			name = Release;
		};
/* End XCBuildConfiguration section */

/* Begin XCConfigurationList section */
		9C06DF6C1EB7F680004A7F3D /* Build configuration list for PBXProject "my-rogue" */ = {
			isa = XCConfigurationList;
			buildConfigurations = (
				9C06DF851EB7F680004A7F3D /* Debug */,
				9C06DF861EB7F680004A7F3D /* Release */,
			);
			defaultConfigurationIsVisible = 0;
			defaultConfigurationName = Release;
		};
		9C06DF871EB7F680004A7F3D /* Build configuration list for PBXNativeTarget "my-rogue" */ = {
			isa = XCConfigurationList;
			buildConfigurations = (
				9C06DF881EB7F680004A7F3D /* Debug */,
				9C06DF891EB7F680004A7F3D /* Release */,
			);
			defaultConfigurationIsVisible = 0;
			defaultConfigurationName = Release;
		};
/* End XCConfigurationList section */
	};
	rootObject = 9C06DF691EB7F680004A7F3D /* Project object */;
}
